// !$*UTF8*$!
{
	archiveVersion = 1;
	classes = {
	};
	objectVersion = 46;
	objects = {

/* Begin PBXBuildFile section */
		882884201F44B82C0036277F /* PhotosCollectionViewCell.swift in Sources */ = {isa = PBXBuildFile; fileRef = 8828841F1F44B82C0036277F /* PhotosCollectionViewCell.swift */; };
		88FDECBC1F441B4800A444C8 /* AppDelegate.swift in Sources */ = {isa = PBXBuildFile; fileRef = 88FDECBB1F441B4800A444C8 /* AppDelegate.swift */; };
		88FDECBE1F441B4800A444C8 /* ViewController.swift in Sources */ = {isa = PBXBuildFile; fileRef = 88FDECBD1F441B4800A444C8 /* ViewController.swift */; };
		88FDECC11F441B4800A444C8 /* Main.storyboard in Resources */ = {isa = PBXBuildFile; fileRef = 88FDECBF1F441B4800A444C8 /* Main.storyboard */; };
		88FDECC31F441B4800A444C8 /* Assets.xcassets in Resources */ = {isa = PBXBuildFile; fileRef = 88FDECC21F441B4800A444C8 /* Assets.xcassets */; };
		88FDECC61F441B4800A444C8 /* LaunchScreen.storyboard in Resources */ = {isa = PBXBuildFile; fileRef = 88FDECC41F441B4800A444C8 /* LaunchScreen.storyboard */; };
		9B3C8DB33B880A08B0BE1E44 /* Pods_LivePhotoConverter.framework in Frameworks */ = {isa = PBXBuildFile; fileRef = 202E62E13980FE1BC223D9D5 /* Pods_LivePhotoConverter.framework */; };
/* End PBXBuildFile section */

/* Begin PBXFileReference section */
		0C7E949BF6DD4ED3D1D6A8B0 /* Pods-LivePhotoConverter.release.xcconfig */ = {isa = PBXFileReference; includeInIndex = 1; lastKnownFileType = text.xcconfig; name = "Pods-LivePhotoConverter.release.xcconfig"; path = "Pods/Target Support Files/Pods-LivePhotoConverter/Pods-LivePhotoConverter.release.xcconfig"; sourceTree = "<group>"; };
		202E62E13980FE1BC223D9D5 /* Pods_LivePhotoConverter.framework */ = {isa = PBXFileReference; explicitFileType = wrapper.framework; includeInIndex = 0; path = Pods_LivePhotoConverter.framework; sourceTree = BUILT_PRODUCTS_DIR; };
		8828841F1F44B82C0036277F /* PhotosCollectionViewCell.swift */ = {isa = PBXFileReference; fileEncoding = 4; lastKnownFileType = sourcecode.swift; path = PhotosCollectionViewCell.swift; sourceTree = "<group>"; };
		88FDECB81F441B4800A444C8 /* LivePhotoConverter.app */ = {isa = PBXFileReference; explicitFileType = wrapper.application; includeInIndex = 0; path = LivePhotoConverter.app; sourceTree = BUILT_PRODUCTS_DIR; };
		88FDECBB1F441B4800A444C8 /* AppDelegate.swift */ = {isa = PBXFileReference; lastKnownFileType = sourcecode.swift; path = AppDelegate.swift; sourceTree = "<group>"; };
		88FDECBD1F441B4800A444C8 /* ViewController.swift */ = {isa = PBXFileReference; lastKnownFileType = sourcecode.swift; path = ViewController.swift; sourceTree = "<group>"; };
		88FDECC01F441B4800A444C8 /* Base */ = {isa = PBXFileReference; lastKnownFileType = file.storyboard; name = Base; path = Base.lproj/Main.storyboard; sourceTree = "<group>"; };
		88FDECC21F441B4800A444C8 /* Assets.xcassets */ = {isa = PBXFileReference; lastKnownFileType = folder.assetcatalog; path = Assets.xcassets; sourceTree = "<group>"; };
		88FDECC51F441B4800A444C8 /* Base */ = {isa = PBXFileReference; lastKnownFileType = file.storyboard; name = Base; path = Base.lproj/LaunchScreen.storyboard; sourceTree = "<group>"; };
		88FDECC71F441B4800A444C8 /* Info.plist */ = {isa = PBXFileReference; lastKnownFileType = text.plist.xml; path = Info.plist; sourceTree = "<group>"; };
		9430AAA608633EAB6B4DF5FF /* Pods-LivePhotoConverter.debug.xcconfig */ = {isa = PBXFileReference; includeInIndex = 1; lastKnownFileType = text.xcconfig; name = "Pods-LivePhotoConverter.debug.xcconfig"; path = "Pods/Target Support Files/Pods-LivePhotoConverter/Pods-LivePhotoConverter.debug.xcconfig"; sourceTree = "<group>"; };
/* End PBXFileReference section */

/* Begin PBXFrameworksBuildPhase section */
		88FDECB51F441B4800A444C8 /* Frameworks */ = {
			isa = PBXFrameworksBuildPhase;
			buildActionMask = 2147483647;
			files = (
				9B3C8DB33B880A08B0BE1E44 /* Pods_LivePhotoConverter.framework in Frameworks */,
			);
			runOnlyForDeploymentPostprocessing = 0;
		};
/* End PBXFrameworksBuildPhase section */

/* Begin PBXGroup section */
		408C3020050F1F4D86D36B58 /* Pods */ = {
			isa = PBXGroup;
			children = (
				9430AAA608633EAB6B4DF5FF /* Pods-LivePhotoConverter.debug.xcconfig */,
				0C7E949BF6DD4ED3D1D6A8B0 /* Pods-LivePhotoConverter.release.xcconfig */,
			);
			name = Pods;
			sourceTree = "<group>";
		};
		5E8D9A4F4290BF61991A890B /* Frameworks */ = {
			isa = PBXGroup;
			children = (
				202E62E13980FE1BC223D9D5 /* Pods_LivePhotoConverter.framework */,
			);
			name = Frameworks;
			sourceTree = "<group>";
		};
		88FDECAF1F441B4800A444C8 = {
			isa = PBXGroup;
			children = (
				88FDECBA1F441B4800A444C8 /* LivePhotoConverter */,
				88FDECB91F441B4800A444C8 /* Products */,
				408C3020050F1F4D86D36B58 /* Pods */,
				5E8D9A4F4290BF61991A890B /* Frameworks */,
			);
			sourceTree = "<group>";
		};
		88FDECB91F441B4800A444C8 /* Products */ = {
			isa = PBXGroup;
			children = (
				88FDECB81F441B4800A444C8 /* LivePhotoConverter.app */,
			);
			name = Products;
			sourceTree = "<group>";
		};
		88FDECBA1F441B4800A444C8 /* LivePhotoConverter */ = {
			isa = PBXGroup;
			children = (
				88FDECBB1F441B4800A444C8 /* AppDelegate.swift */,
				88FDECBD1F441B4800A444C8 /* ViewController.swift */,
				8828841F1F44B82C0036277F /* PhotosCollectionViewCell.swift */,
				88FDECBF1F441B4800A444C8 /* Main.storyboard */,
				88FDECC21F441B4800A444C8 /* Assets.xcassets */,
				88FDECC41F441B4800A444C8 /* LaunchScreen.storyboard */,
				88FDECC71F441B4800A444C8 /* Info.plist */,
			);
			path = LivePhotoConverter;
			sourceTree = "<group>";
		};
/* End PBXGroup section */

/* Begin PBXNativeTarget section */
		88FDECB71F441B4800A444C8 /* LivePhotoConverter */ = {
			isa = PBXNativeTarget;
			buildConfigurationList = 88FDECCA1F441B4800A444C8 /* Build configuration list for PBXNativeTarget "LivePhotoConverter" */;
			buildPhases = (
				94E9F69A39781E7ECC49774D /* [CP] Check Pods Manifest.lock */,
				88FDECB41F441B4800A444C8 /* Sources */,
				88FDECB51F441B4800A444C8 /* Frameworks */,
				88FDECB61F441B4800A444C8 /* Resources */,
				792D2C2C25CE44C26BD68F20 /* [CP] Embed Pods Frameworks */,
				E04D486A9724CF40863B07E9 /* [CP] Copy Pods Resources */,
			);
			buildRules = (
			);
			dependencies = (
			);
			name = LivePhotoConverter;
			productName = LivePhotoConverter;
			productReference = 88FDECB81F441B4800A444C8 /* LivePhotoConverter.app */;
			productType = "com.apple.product-type.application";
		};
/* End PBXNativeTarget section */

/* Begin PBXProject section */
		88FDECB01F441B4800A444C8 /* Project object */ = {
			isa = PBXProject;
			attributes = {
				LastSwiftUpdateCheck = 0830;
				LastUpgradeCheck = 0830;
				ORGANIZATIONNAME = "Nikita Zhukov";
				TargetAttributes = {
					88FDECB71F441B4800A444C8 = {
						CreatedOnToolsVersion = 8.3.3;
						DevelopmentTeam = 4UMJWGHP5U;
						ProvisioningStyle = Automatic;
					};
				};
			};
			buildConfigurationList = 88FDECB31F441B4800A444C8 /* Build configuration list for PBXProject "LivePhotoConverter" */;
			compatibilityVersion = "Xcode 3.2";
			developmentRegion = English;
			hasScannedForEncodings = 0;
			knownRegions = (
				en,
				Base,
			);
			mainGroup = 88FDECAF1F441B4800A444C8;
			productRefGroup = 88FDECB91F441B4800A444C8 /* Products */;
			projectDirPath = "";
			projectRoot = "";
			targets = (
				88FDECB71F441B4800A444C8 /* LivePhotoConverter */,
			);
		};
/* End PBXProject section */

/* Begin PBXResourcesBuildPhase section */
		88FDECB61F441B4800A444C8 /* Resources */ = {
			isa = PBXResourcesBuildPhase;
			buildActionMask = 2147483647;
			files = (
				88FDECC61F441B4800A444C8 /* LaunchScreen.storyboard in Resources */,
				88FDECC31F441B4800A444C8 /* Assets.xcassets in Resources */,
				88FDECC11F441B4800A444C8 /* Main.storyboard in Resources */,
			);
			runOnlyForDeploymentPostprocessing = 0;
		};
/* End PBXResourcesBuildPhase section */

/* Begin PBXShellScriptBuildPhase section */
		792D2C2C25CE44C26BD68F20 /* [CP] Embed Pods Frameworks */ = {
			isa = PBXShellScriptBuildPhase;
			buildActionMask = 2147483647;
			files = (
			);
			inputPaths = (
			);
			name = "[CP] Embed Pods Frameworks";
			outputPaths = (
			);
			runOnlyForDeploymentPostprocessing = 0;
			shellPath = /bin/sh;
			shellScript = "\"${SRCROOT}/Pods/Target Support Files/Pods-LivePhotoConverter/Pods-LivePhotoConverter-frameworks.sh\"\n";
			showEnvVarsInLog = 0;
		};
		94E9F69A39781E7ECC49774D /* [CP] Check Pods Manifest.lock */ = {
			isa = PBXShellScriptBuildPhase;
			buildActionMask = 2147483647;
			files = (
			);
			inputPaths = (
			);
			name = "[CP] Check Pods Manifest.lock";
			outputPaths = (
			);
			runOnlyForDeploymentPostprocessing = 0;
			shellPath = /bin/sh;
			shellScript = "diff \"${PODS_ROOT}/../Podfile.lock\" \"${PODS_ROOT}/Manifest.lock\" > /dev/null\nif [ $? != 0 ] ; then\n    # print error to STDERR\n    echo \"error: The sandbox is not in sync with the Podfile.lock. Run 'pod install' or update your CocoaPods installation.\" >&2\n    exit 1\nfi\n";
			showEnvVarsInLog = 0;
		};
		E04D486A9724CF40863B07E9 /* [CP] Copy Pods Resources */ = {
			isa = PBXShellScriptBuildPhase;
			buildActionMask = 2147483647;
			files = (
			);
			inputPaths = (
			);
			name = "[CP] Copy Pods Resources";
			outputPaths = (
			);
			runOnlyForDeploymentPostprocessing = 0;
			shellPath = /bin/sh;
			shellScript = "\"${SRCROOT}/Pods/Target Support Files/Pods-LivePhotoConverter/Pods-LivePhotoConverter-resources.sh\"\n";
			showEnvVarsInLog = 0;
		};
/* End PBXShellScriptBuildPhase section */

/* Begin PBXSourcesBuildPhase section */
		88FDECB41F441B4800A444C8 /* Sources */ = {
			isa = PBXSourcesBuildPhase;
			buildActionMask = 2147483647;
			files = (
				88FDECBE1F441B4800A444C8 /* ViewController.swift in Sources */,
				88FDECBC1F441B4800A444C8 /* AppDelegate.swift in Sources */,
				882884201F44B82C0036277F /* PhotosCollectionViewCell.swift in Sources */,
			);
			runOnlyForDeploymentPostprocessing = 0;
		};
/* End PBXSourcesBuildPhase section */

/* Begin PBXVariantGroup section */
		88FDECBF1F441B4800A444C8 /* Main.storyboard */ = {
			isa = PBXVariantGroup;
			children = (
				88FDECC01F441B4800A444C8 /* Base */,
			);
			name = Main.storyboard;
			sourceTree = "<group>";
		};
		88FDECC41F441B4800A444C8 /* LaunchScreen.storyboard */ = {
			isa = PBXVariantGroup;
			children = (
				88FDECC51F441B4800A444C8 /* Base */,
			);
			name = LaunchScreen.storyboard;
			sourceTree = "<group>";
		};
/* End PBXVariantGroup section */

/* Begin XCBuildConfiguration section */
		88FDECC81F441B4800A444C8 /* Debug */ = {
			isa = XCBuildConfiguration;
			buildSettings = {
				ALWAYS_SEARCH_USER_PATHS = NO;
				CLANG_ANALYZER_NONNULL = YES;
				CLANG_ANALYZER_NUMBER_OBJECT_CONVERSION = YES_AGGRESSIVE;
				CLANG_CXX_LANGUAGE_STANDARD = "gnu++0x";
				CLANG_CXX_LIBRARY = "libc++";
				CLANG_ENABLE_MODULES = YES;
				CLANG_ENABLE_OBJC_ARC = YES;
				CLANG_WARN_BOOL_CONVERSION = YES;
				CLANG_WARN_CONSTANT_CONVERSION = YES;
				CLANG_WARN_DIRECT_OBJC_ISA_USAGE = YES_ERROR;
				CLANG_WARN_DOCUMENTATION_COMMENTS = YES;
				CLANG_WARN_EMPTY_BODY = YES;
				CLANG_WARN_ENUM_CONVERSION = YES;
				CLANG_WARN_INFINITE_RECURSION = YES;
				CLANG_WARN_INT_CONVERSION = YES;
				CLANG_WARN_OBJC_ROOT_CLASS = YES_ERROR;
				CLANG_WARN_SUSPICIOUS_MOVE = YES;
				CLANG_WARN_UNREACHABLE_CODE = YES;
				CLANG_WARN__DUPLICATE_METHOD_MATCH = YES;
				"CODE_SIGN_IDENTITY[sdk=iphoneos*]" = "iPhone Developer";
				COPY_PHASE_STRIP = NO;
				DEBUG_INFORMATION_FORMAT = dwarf;
				ENABLE_STRICT_OBJC_MSGSEND = YES;
				ENABLE_TESTABILITY = YES;
				GCC_C_LANGUAGE_STANDARD = gnu99;
				GCC_DYNAMIC_NO_PIC = NO;
				GCC_NO_COMMON_BLOCKS = YES;
				GCC_OPTIMIZATION_LEVEL = 0;
				GCC_PREPROCESSOR_DEFINITIONS = (
					"DEBUG=1",
					"$(inherited)",
				);
				GCC_WARN_64_TO_32_BIT_CONVERSION = YES;
				GCC_WARN_ABOUT_RETURN_TYPE = YES_ERROR;
				GCC_WARN_UNDECLARED_SELECTOR = YES;
				GCC_WARN_UNINITIALIZED_AUTOS = YES_AGGRESSIVE;
				GCC_WARN_UNUSED_FUNCTION = YES;
				GCC_WARN_UNUSED_VARIABLE = YES;
				IPHONEOS_DEPLOYMENT_TARGET = 10.3;
				MTL_ENABLE_DEBUG_INFO = YES;
				ONLY_ACTIVE_ARCH = YES;
				SDKROOT = iphoneos;
				SWIFT_ACTIVE_COMPILATION_CONDITIONS = DEBUG;
				SWIFT_OPTIMIZATION_LEVEL = "-Onone";
				TARGETED_DEVICE_FAMILY = "1,2";
			};
			name = Debug;
		};
		88FDECC91F441B4800A444C8 /* Release */ = {
			isa = XCBuildConfiguration;
			buildSettings = {
				ALWAYS_SEARCH_USER_PATHS = NO;
				CLANG_ANALYZER_NONNULL = YES;
				CLANG_ANALYZER_NUMBER_OBJECT_CONVERSION = YES_AGGRESSIVE;
				CLANG_CXX_LANGUAGE_STANDARD = "gnu++0x";
				CLANG_CXX_LIBRARY = "libc++";
				CLANG_ENABLE_MODULES = YES;
				CLANG_ENABLE_OBJC_ARC = YES;
				CLANG_WARN_BOOL_CONVERSION = YES;
				CLANG_WARN_CONSTANT_CONVERSION = YES;
				CLANG_WARN_DIRECT_OBJC_ISA_USAGE = YES_ERROR;
				CLANG_WARN_DOCUMENTATION_COMMENTS = YES;
				CLANG_WARN_EMPTY_BODY = YES;
				CLANG_WARN_ENUM_CONVERSION = YES;
				CLANG_WARN_INFINITE_RECURSION = YES;
				CLANG_WARN_INT_CONVERSION = YES;
				CLANG_WARN_OBJC_ROOT_CLASS = YES_ERROR;
				CLANG_WARN_SUSPICIOUS_MOVE = YES;
				CLANG_WARN_UNREACHABLE_CODE = YES;
				CLANG_WARN__DUPLICATE_METHOD_MATCH = YES;
				"CODE_SIGN_IDENTITY[sdk=iphoneos*]" = "iPhone Developer";
				COPY_PHASE_STRIP = NO;
				DEBUG_INFORMATION_FORMAT = "dwarf-with-dsym";
				ENABLE_NS_ASSERTIONS = NO;
				ENABLE_STRICT_OBJC_MSGSEND = YES;
				GCC_C_LANGUAGE_STANDARD = gnu99;
				GCC_NO_COMMON_BLOCKS = YES;
				GCC_WARN_64_TO_32_BIT_CONVERSION = YES;
				GCC_WARN_ABOUT_RETURN_TYPE = YES_ERROR;
				GCC_WARN_UNDECLARED_SELECTOR = YES;
				GCC_WARN_UNINITIALIZED_AUTOS = YES_AGGRESSIVE;
				GCC_WARN_UNUSED_FUNCTION = YES;
				GCC_WARN_UNUSED_VARIABLE = YES;
				IPHONEOS_DEPLOYMENT_TARGET = 10.3;
				MTL_ENABLE_DEBUG_INFO = NO;
				SDKROOT = iphoneos;
				SWIFT_OPTIMIZATION_LEVEL = "-Owholemodule";
				TARGETED_DEVICE_FAMILY = "1,2";
				VALIDATE_PRODUCT = YES;
			};
			name = Release;
		};
		88FDECCB1F441B4800A444C8 /* Debug */ = {
			isa = XCBuildConfiguration;
			baseConfigurationReference = 9430AAA608633EAB6B4DF5FF /* Pods-LivePhotoConverter.debug.xcconfig */;
			buildSettings = {
				ASSETCATALOG_COMPILER_APPICON_NAME = AppIcon;
				DEVELOPMENT_TEAM = 4UMJWGHP5U;
				INFOPLIST_FILE = LivePhotoConverter/Info.plist;
				LD_RUNPATH_SEARCH_PATHS = "$(inherited) @executable_path/Frameworks";
				PRODUCT_BUNDLE_IDENTIFIER = none.LivePhotoConverter;
				PRODUCT_NAME = "$(TARGET_NAME)";
				SWIFT_VERSION = 3.0;
			};
			name = Debug;
		};
		88FDECCC1F441B4800A444C8 /* Release */ = {
			isa = XCBuildConfiguration;
			baseConfigurationReference = 0C7E949BF6DD4ED3D1D6A8B0 /* Pods-LivePhotoConverter.release.xcconfig */;
			buildSettings = {
				ASSETCATALOG_COMPILER_APPICON_NAME = AppIcon;
				DEVELOPMENT_TEAM = 4UMJWGHP5U;
				INFOPLIST_FILE = LivePhotoConverter/Info.plist;
				LD_RUNPATH_SEARCH_PATHS = "$(inherited) @executable_path/Frameworks";
				PRODUCT_BUNDLE_IDENTIFIER = none.LivePhotoConverter;
				PRODUCT_NAME = "$(TARGET_NAME)";
				SWIFT_VERSION = 3.0;
			};
			name = Release;
		};
/* End XCBuildConfiguration section */

/* Begin XCConfigurationList section */
		88FDECB31F441B4800A444C8 /* Build configuration list for PBXProject "LivePhotoConverter" */ = {
			isa = XCConfigurationList;
			buildConfigurations = (
				88FDECC81F441B4800A444C8 /* Debug */,
				88FDECC91F441B4800A444C8 /* Release */,
			);
			defaultConfigurationIsVisible = 0;
			defaultConfigurationName = Release;
		};
		88FDECCA1F441B4800A444C8 /* Build configuration list for PBXNativeTarget "LivePhotoConverter" */ = {
			isa = XCConfigurationList;
			buildConfigurations = (
				88FDECCB1F441B4800A444C8 /* Debug */,
				88FDECCC1F441B4800A444C8 /* Release */,
			);
			defaultConfigurationIsVisible = 0;
			defaultConfigurationName = Release;
		};
/* End XCConfigurationList section */
	};
	rootObject = 88FDECB01F441B4800A444C8 /* Project object */;
}
